// !$*UTF8*$!
{
	archiveVersion = 1;
	classes = {
	};
	objectVersion = 46;
	objects = {

/* Begin PBXBuildFile section */
		D6C43D5F1A6796E0004CFDD2 /* AppDelegate.swift in Sources */ = {isa = PBXBuildFile; fileRef = D6C43D5E1A6796E0004CFDD2 /* AppDelegate.swift */; };
		D6C43D611A6796E0004CFDD2 /* ViewController.swift in Sources */ = {isa = PBXBuildFile; fileRef = D6C43D601A6796E0004CFDD2 /* ViewController.swift */; };
		D6C43D641A6796E0004CFDD2 /* Main.storyboard in Resources */ = {isa = PBXBuildFile; fileRef = D6C43D621A6796E0004CFDD2 /* Main.storyboard */; };
		D6C43D661A6796E0004CFDD2 /* Images.xcassets in Resources */ = {isa = PBXBuildFile; fileRef = D6C43D651A6796E0004CFDD2 /* Images.xcassets */; };
		D6C43D691A6796E0004CFDD2 /* LaunchScreen.xib in Resources */ = {isa = PBXBuildFile; fileRef = D6C43D671A6796E0004CFDD2 /* LaunchScreen.xib */; };
		D6C43D751A6796E0004CFDD2 /* WatchTests.swift in Sources */ = {isa = PBXBuildFile; fileRef = D6C43D741A6796E0004CFDD2 /* WatchTests.swift */; };
		D6C43D871A679714004CFDD2 /* InterfaceController.swift in Sources */ = {isa = PBXBuildFile; fileRef = D6C43D861A679714004CFDD2 /* InterfaceController.swift */; };
		D6C43D891A679714004CFDD2 /* Images.xcassets in Resources */ = {isa = PBXBuildFile; fileRef = D6C43D881A679714004CFDD2 /* Images.xcassets */; };
		D6C43D8D1A679714004CFDD2 /* Watch WatchKit App.app in Resources */ = {isa = PBXBuildFile; fileRef = D6C43D8C1A679714004CFDD2 /* Watch WatchKit App.app */; };
		D6C43D951A679714004CFDD2 /* Interface.storyboard in Resources */ = {isa = PBXBuildFile; fileRef = D6C43D931A679714004CFDD2 /* Interface.storyboard */; };
		D6C43D971A679714004CFDD2 /* Images.xcassets in Resources */ = {isa = PBXBuildFile; fileRef = D6C43D961A679714004CFDD2 /* Images.xcassets */; };
		D6C43D9A1A679714004CFDD2 /* Watch WatchKit Extension.appex in Embed App Extensions */ = {isa = PBXBuildFile; fileRef = D6C43D821A679714004CFDD2 /* Watch WatchKit Extension.appex */; settings = {ATTRIBUTES = (RemoveHeadersOnCopy, ); }; };
/* End PBXBuildFile section */

/* Begin PBXContainerItemProxy section */
		D6C43D6F1A6796E0004CFDD2 /* PBXContainerItemProxy */ = {
			isa = PBXContainerItemProxy;
			containerPortal = D6C43D511A6796E0004CFDD2 /* Project object */;
			proxyType = 1;
			remoteGlobalIDString = D6C43D581A6796E0004CFDD2;
			remoteInfo = Watch;
		};
		D6C43D8E1A679714004CFDD2 /* PBXContainerItemProxy */ = {
			isa = PBXContainerItemProxy;
			containerPortal = D6C43D511A6796E0004CFDD2 /* Project object */;
			proxyType = 1;
			remoteGlobalIDString = D6C43D8B1A679714004CFDD2;
			remoteInfo = "Watch WatchKit App";
		};
		D6C43D981A679714004CFDD2 /* PBXContainerItemProxy */ = {
			isa = PBXContainerItemProxy;
			containerPortal = D6C43D511A6796E0004CFDD2 /* Project object */;
			proxyType = 1;
			remoteGlobalIDString = D6C43D811A679714004CFDD2;
			remoteInfo = "Watch WatchKit Extension";
		};
/* End PBXContainerItemProxy section */

/* Begin PBXCopyFilesBuildPhase section */
		D6C43DA11A679714004CFDD2 /* Embed App Extensions */ = {
			isa = PBXCopyFilesBuildPhase;
			buildActionMask = 2147483647;
			dstPath = "";
			dstSubfolderSpec = 13;
			files = (
				D6C43D9A1A679714004CFDD2 /* Watch WatchKit Extension.appex in Embed App Extensions */,
			);
			name = "Embed App Extensions";
			runOnlyForDeploymentPostprocessing = 0;
		};
/* End PBXCopyFilesBuildPhase section */

/* Begin PBXFileReference section */
		D6C43D591A6796E0004CFDD2 /* Watch.app */ = {isa = PBXFileReference; explicitFileType = wrapper.application; includeInIndex = 0; path = Watch.app; sourceTree = BUILT_PRODUCTS_DIR; };
		D6C43D5D1A6796E0004CFDD2 /* Info.plist */ = {isa = PBXFileReference; lastKnownFileType = text.plist.xml; path = Info.plist; sourceTree = "<group>"; };
		D6C43D5E1A6796E0004CFDD2 /* AppDelegate.swift */ = {isa = PBXFileReference; lastKnownFileType = sourcecode.swift; path = AppDelegate.swift; sourceTree = "<group>"; };
		D6C43D601A6796E0004CFDD2 /* ViewController.swift */ = {isa = PBXFileReference; lastKnownFileType = sourcecode.swift; path = ViewController.swift; sourceTree = "<group>"; };
		D6C43D631A6796E0004CFDD2 /* Base */ = {isa = PBXFileReference; lastKnownFileType = file.storyboard; name = Base; path = Base.lproj/Main.storyboard; sourceTree = "<group>"; };
		D6C43D651A6796E0004CFDD2 /* Images.xcassets */ = {isa = PBXFileReference; lastKnownFileType = folder.assetcatalog; path = Images.xcassets; sourceTree = "<group>"; };
		D6C43D681A6796E0004CFDD2 /* Base */ = {isa = PBXFileReference; lastKnownFileType = file.xib; name = Base; path = Base.lproj/LaunchScreen.xib; sourceTree = "<group>"; };
		D6C43D6E1A6796E0004CFDD2 /* WatchTests.xctest */ = {isa = PBXFileReference; explicitFileType = wrapper.cfbundle; includeInIndex = 0; path = WatchTests.xctest; sourceTree = BUILT_PRODUCTS_DIR; };
		D6C43D731A6796E0004CFDD2 /* Info.plist */ = {isa = PBXFileReference; lastKnownFileType = text.plist.xml; path = Info.plist; sourceTree = "<group>"; };
		D6C43D741A6796E0004CFDD2 /* WatchTests.swift */ = {isa = PBXFileReference; lastKnownFileType = sourcecode.swift; path = WatchTests.swift; sourceTree = "<group>"; };
		D6C43D821A679714004CFDD2 /* Watch WatchKit Extension.appex */ = {isa = PBXFileReference; explicitFileType = "wrapper.app-extension"; includeInIndex = 0; path = "Watch WatchKit Extension.appex"; sourceTree = BUILT_PRODUCTS_DIR; };
		D6C43D851A679714004CFDD2 /* Info.plist */ = {isa = PBXFileReference; lastKnownFileType = text.plist.xml; path = Info.plist; sourceTree = "<group>"; };
		D6C43D861A679714004CFDD2 /* InterfaceController.swift */ = {isa = PBXFileReference; lastKnownFileType = sourcecode.swift; path = InterfaceController.swift; sourceTree = "<group>"; };
		D6C43D881A679714004CFDD2 /* Images.xcassets */ = {isa = PBXFileReference; lastKnownFileType = folder.assetcatalog; path = Images.xcassets; sourceTree = "<group>"; };
		D6C43D8C1A679714004CFDD2 /* Watch WatchKit App.app */ = {isa = PBXFileReference; explicitFileType = wrapper.application; includeInIndex = 0; path = "Watch WatchKit App.app"; sourceTree = BUILT_PRODUCTS_DIR; };
		D6C43D921A679714004CFDD2 /* Info.plist */ = {isa = PBXFileReference; lastKnownFileType = text.plist.xml; path = Info.plist; sourceTree = "<group>"; };
		D6C43D941A679714004CFDD2 /* Base */ = {isa = PBXFileReference; lastKnownFileType = file.storyboard; name = Base; path = Base.lproj/Interface.storyboard; sourceTree = "<group>"; };
		D6C43D961A679714004CFDD2 /* Images.xcassets */ = {isa = PBXFileReference; lastKnownFileType = folder.assetcatalog; path = Images.xcassets; sourceTree = "<group>"; };
/* End PBXFileReference section */

/* Begin PBXFrameworksBuildPhase section */
		D6C43D561A6796E0004CFDD2 /* Frameworks */ = {
			isa = PBXFrameworksBuildPhase;
			buildActionMask = 2147483647;
			files = (
			);
			runOnlyForDeploymentPostprocessing = 0;
		};
		D6C43D6B1A6796E0004CFDD2 /* Frameworks */ = {
			isa = PBXFrameworksBuildPhase;
			buildActionMask = 2147483647;
			files = (
			);
			runOnlyForDeploymentPostprocessing = 0;
		};
		D6C43D7F1A679714004CFDD2 /* Frameworks */ = {
			isa = PBXFrameworksBuildPhase;
			buildActionMask = 2147483647;
			files = (
			);
			runOnlyForDeploymentPostprocessing = 0;
		};
/* End PBXFrameworksBuildPhase section */

/* Begin PBXGroup section */
		D6C43D501A6796E0004CFDD2 = {
			isa = PBXGroup;
			children = (
				D6C43D5B1A6796E0004CFDD2 /* Watch */,
				D6C43D711A6796E0004CFDD2 /* WatchTests */,
				D6C43D831A679714004CFDD2 /* Watch WatchKit Extension */,
				D6C43D901A679714004CFDD2 /* Watch WatchKit App */,
				D6C43D5A1A6796E0004CFDD2 /* Products */,
			);
			sourceTree = "<group>";
		};
		D6C43D5A1A6796E0004CFDD2 /* Products */ = {
			isa = PBXGroup;
			children = (
				D6C43D591A6796E0004CFDD2 /* Watch.app */,
				D6C43D6E1A6796E0004CFDD2 /* WatchTests.xctest */,
				D6C43D821A679714004CFDD2 /* Watch WatchKit Extension.appex */,
				D6C43D8C1A679714004CFDD2 /* Watch WatchKit App.app */,
			);
			name = Products;
			sourceTree = "<group>";
		};
		D6C43D5B1A6796E0004CFDD2 /* Watch */ = {
			isa = PBXGroup;
			children = (
				D6C43D5E1A6796E0004CFDD2 /* AppDelegate.swift */,
				D6C43D601A6796E0004CFDD2 /* ViewController.swift */,
				D6C43D621A6796E0004CFDD2 /* Main.storyboard */,
				D6C43D651A6796E0004CFDD2 /* Images.xcassets */,
				D6C43D671A6796E0004CFDD2 /* LaunchScreen.xib */,
				D6C43D5C1A6796E0004CFDD2 /* Supporting Files */,
			);
			path = Watch;
			sourceTree = "<group>";
		};
		D6C43D5C1A6796E0004CFDD2 /* Supporting Files */ = {
			isa = PBXGroup;
			children = (
				D6C43D5D1A6796E0004CFDD2 /* Info.plist */,
			);
			name = "Supporting Files";
			sourceTree = "<group>";
		};
		D6C43D711A6796E0004CFDD2 /* WatchTests */ = {
			isa = PBXGroup;
			children = (
				D6C43D741A6796E0004CFDD2 /* WatchTests.swift */,
				D6C43D721A6796E0004CFDD2 /* Supporting Files */,
			);
			path = WatchTests;
			sourceTree = "<group>";
		};
		D6C43D721A6796E0004CFDD2 /* Supporting Files */ = {
			isa = PBXGroup;
			children = (
				D6C43D731A6796E0004CFDD2 /* Info.plist */,
			);
			name = "Supporting Files";
			sourceTree = "<group>";
		};
		D6C43D831A679714004CFDD2 /* Watch WatchKit Extension */ = {
			isa = PBXGroup;
			children = (
				D6C43D861A679714004CFDD2 /* InterfaceController.swift */,
				D6C43D881A679714004CFDD2 /* Images.xcassets */,
				D6C43D841A679714004CFDD2 /* Supporting Files */,
			);
			path = "Watch WatchKit Extension";
			sourceTree = "<group>";
		};
		D6C43D841A679714004CFDD2 /* Supporting Files */ = {
			isa = PBXGroup;
			children = (
				D6C43D851A679714004CFDD2 /* Info.plist */,
			);
			name = "Supporting Files";
			sourceTree = "<group>";
		};
		D6C43D901A679714004CFDD2 /* Watch WatchKit App */ = {
			isa = PBXGroup;
			children = (
				D6C43D931A679714004CFDD2 /* Interface.storyboard */,
				D6C43D961A679714004CFDD2 /* Images.xcassets */,
				D6C43D911A679714004CFDD2 /* Supporting Files */,
			);
			path = "Watch WatchKit App";
			sourceTree = "<group>";
		};
		D6C43D911A679714004CFDD2 /* Supporting Files */ = {
			isa = PBXGroup;
			children = (
				D6C43D921A679714004CFDD2 /* Info.plist */,
			);
			name = "Supporting Files";
			sourceTree = "<group>";
		};
/* End PBXGroup section */

/* Begin PBXNativeTarget section */
		D6C43D581A6796E0004CFDD2 /* Watch */ = {
			isa = PBXNativeTarget;
			buildConfigurationList = D6C43D781A6796E0004CFDD2 /* Build configuration list for PBXNativeTarget "Watch" */;
			buildPhases = (
				D6C43D551A6796E0004CFDD2 /* Sources */,
				D6C43D561A6796E0004CFDD2 /* Frameworks */,
				D6C43D571A6796E0004CFDD2 /* Resources */,
				D6C43DA11A679714004CFDD2 /* Embed App Extensions */,
			);
			buildRules = (
			);
			dependencies = (
				D6C43D991A679714004CFDD2 /* PBXTargetDependency */,
			);
			name = Watch;
			productName = Watch;
			productReference = D6C43D591A6796E0004CFDD2 /* Watch.app */;
			productType = "com.apple.product-type.application";
		};
		D6C43D6D1A6796E0004CFDD2 /* WatchTests */ = {
			isa = PBXNativeTarget;
			buildConfigurationList = D6C43D7B1A6796E0004CFDD2 /* Build configuration list for PBXNativeTarget "WatchTests" */;
			buildPhases = (
				D6C43D6A1A6796E0004CFDD2 /* Sources */,
				D6C43D6B1A6796E0004CFDD2 /* Frameworks */,
				D6C43D6C1A6796E0004CFDD2 /* Resources */,
			);
			buildRules = (
			);
			dependencies = (
				D6C43D701A6796E0004CFDD2 /* PBXTargetDependency */,
			);
			name = WatchTests;
			productName = WatchTests;
			productReference = D6C43D6E1A6796E0004CFDD2 /* WatchTests.xctest */;
			productType = "com.apple.product-type.bundle.unit-test";
		};
		D6C43D811A679714004CFDD2 /* Watch WatchKit Extension */ = {
			isa = PBXNativeTarget;
			buildConfigurationList = D6C43D9E1A679714004CFDD2 /* Build configuration list for PBXNativeTarget "Watch WatchKit Extension" */;
			buildPhases = (
				D6C43D7E1A679714004CFDD2 /* Sources */,
				D6C43D7F1A679714004CFDD2 /* Frameworks */,
				D6C43D801A679714004CFDD2 /* Resources */,
			);
			buildRules = (
			);
			dependencies = (
				D6C43D8F1A679714004CFDD2 /* PBXTargetDependency */,
			);
			name = "Watch WatchKit Extension";
			productName = "Watch WatchKit Extension";
			productReference = D6C43D821A679714004CFDD2 /* Watch WatchKit Extension.appex */;
			productType = "com.apple.product-type.watchkit-extension";
		};
		D6C43D8B1A679714004CFDD2 /* Watch WatchKit App */ = {
			isa = PBXNativeTarget;
			buildConfigurationList = D6C43D9B1A679714004CFDD2 /* Build configuration list for PBXNativeTarget "Watch WatchKit App" */;
			buildPhases = (
				D6C43D8A1A679714004CFDD2 /* Resources */,
			);
			buildRules = (
			);
			dependencies = (
			);
			name = "Watch WatchKit App";
			productName = "Watch WatchKit App";
			productReference = D6C43D8C1A679714004CFDD2 /* Watch WatchKit App.app */;
			productType = "com.apple.product-type.application.watchapp";
		};
/* End PBXNativeTarget section */

/* Begin PBXProject section */
		D6C43D511A6796E0004CFDD2 /* Project object */ = {
			isa = PBXProject;
			attributes = {
				LastUpgradeCheck = 0620;
				ORGANIZATIONNAME = Yuta;
				TargetAttributes = {
					D6C43D581A6796E0004CFDD2 = {
						CreatedOnToolsVersion = 6.2;
					};
					D6C43D6D1A6796E0004CFDD2 = {
						CreatedOnToolsVersion = 6.2;
						TestTargetID = D6C43D581A6796E0004CFDD2;
					};
					D6C43D811A679714004CFDD2 = {
						CreatedOnToolsVersion = 6.2;
					};
					D6C43D8B1A679714004CFDD2 = {
						CreatedOnToolsVersion = 6.2;
					};
				};
			};
			buildConfigurationList = D6C43D541A6796E0004CFDD2 /* Build configuration list for PBXProject "Watch" */;
			compatibilityVersion = "Xcode 3.2";
			developmentRegion = English;
			hasScannedForEncodings = 0;
			knownRegions = (
				en,
				Base,
			);
			mainGroup = D6C43D501A6796E0004CFDD2;
			productRefGroup = D6C43D5A1A6796E0004CFDD2 /* Products */;
			projectDirPath = "";
			projectRoot = "";
			targets = (
				D6C43D581A6796E0004CFDD2 /* Watch */,
				D6C43D6D1A6796E0004CFDD2 /* WatchTests */,
				D6C43D811A679714004CFDD2 /* Watch WatchKit Extension */,
				D6C43D8B1A679714004CFDD2 /* Watch WatchKit App */,
			);
		};
/* End PBXProject section */

/* Begin PBXResourcesBuildPhase section */
		D6C43D571A6796E0004CFDD2 /* Resources */ = {
			isa = PBXResourcesBuildPhase;
			buildActionMask = 2147483647;
			files = (
				D6C43D641A6796E0004CFDD2 /* Main.storyboard in Resources */,
				D6C43D691A6796E0004CFDD2 /* LaunchScreen.xib in Resources */,
				D6C43D661A6796E0004CFDD2 /* Images.xcassets in Resources */,
			);
			runOnlyForDeploymentPostprocessing = 0;
		};
		D6C43D6C1A6796E0004CFDD2 /* Resources */ = {
			isa = PBXResourcesBuildPhase;
			buildActionMask = 2147483647;
			files = (
			);
			runOnlyForDeploymentPostprocessing = 0;
		};
		D6C43D801A679714004CFDD2 /* Resources */ = {
			isa = PBXResourcesBuildPhase;
			buildActionMask = 2147483647;
			files = (
				D6C43D8D1A679714004CFDD2 /* Watch WatchKit App.app in Resources */,
				D6C43D891A679714004CFDD2 /* Images.xcassets in Resources */,
			);
			runOnlyForDeploymentPostprocessing = 0;
		};
		D6C43D8A1A679714004CFDD2 /* Resources */ = {
			isa = PBXResourcesBuildPhase;
			buildActionMask = 2147483647;
			files = (
				D6C43D951A679714004CFDD2 /* Interface.storyboard in Resources */,
				D6C43D971A679714004CFDD2 /* Images.xcassets in Resources */,
			);
			runOnlyForDeploymentPostprocessing = 0;
		};
/* End PBXResourcesBuildPhase section */

/* Begin PBXSourcesBuildPhase section */
		D6C43D551A6796E0004CFDD2 /* Sources */ = {
			isa = PBXSourcesBuildPhase;
			buildActionMask = 2147483647;
			files = (
				D6C43D611A6796E0004CFDD2 /* ViewController.swift in Sources */,
				D6C43D5F1A6796E0004CFDD2 /* AppDelegate.swift in Sources */,
			);
			runOnlyForDeploymentPostprocessing = 0;
		};
		D6C43D6A1A6796E0004CFDD2 /* Sources */ = {
			isa = PBXSourcesBuildPhase;
			buildActionMask = 2147483647;
			files = (
				D6C43D751A6796E0004CFDD2 /* WatchTests.swift in Sources */,
			);
			runOnlyForDeploymentPostprocessing = 0;
		};
		D6C43D7E1A679714004CFDD2 /* Sources */ = {
			isa = PBXSourcesBuildPhase;
			buildActionMask = 2147483647;
			files = (
				D6C43D871A679714004CFDD2 /* InterfaceController.swift in Sources */,
			);
			runOnlyForDeploymentPostprocessing = 0;
		};
/* End PBXSourcesBuildPhase section */

/* Begin PBXTargetDependency section */
		D6C43D701A6796E0004CFDD2 /* PBXTargetDependency */ = {
			isa = PBXTargetDependency;
			target = D6C43D581A6796E0004CFDD2 /* Watch */;
			targetProxy = D6C43D6F1A6796E0004CFDD2 /* PBXContainerItemProxy */;
		};
		D6C43D8F1A679714004CFDD2 /* PBXTargetDependency */ = {
			isa = PBXTargetDependency;
			target = D6C43D8B1A679714004CFDD2 /* Watch WatchKit App */;
			targetProxy = D6C43D8E1A679714004CFDD2 /* PBXContainerItemProxy */;
		};
		D6C43D991A679714004CFDD2 /* PBXTargetDependency */ = {
			isa = PBXTargetDependency;
			target = D6C43D811A679714004CFDD2 /* Watch WatchKit Extension */;
			targetProxy = D6C43D981A679714004CFDD2 /* PBXContainerItemProxy */;
		};
/* End PBXTargetDependency section */

/* Begin PBXVariantGroup section */
		D6C43D621A6796E0004CFDD2 /* Main.storyboard */ = {
			isa = PBXVariantGroup;
			children = (
				D6C43D631A6796E0004CFDD2 /* Base */,
			);
			name = Main.storyboard;
			sourceTree = "<group>";
		};
		D6C43D671A6796E0004CFDD2 /* LaunchScreen.xib */ = {
			isa = PBXVariantGroup;
			children = (
				D6C43D681A6796E0004CFDD2 /* Base */,
			);
			name = LaunchScreen.xib;
			sourceTree = "<group>";
		};
		D6C43D931A679714004CFDD2 /* Interface.storyboard */ = {
			isa = PBXVariantGroup;
			children = (
				D6C43D941A679714004CFDD2 /* Base */,
			);
			name = Interface.storyboard;
			sourceTree = "<group>";
		};
/* End PBXVariantGroup section */

/* Begin XCBuildConfiguration section */
		D6C43D761A6796E0004CFDD2 /* Debug */ = {
			isa = XCBuildConfiguration;
			buildSettings = {
				ALWAYS_SEARCH_USER_PATHS = NO;
				CLANG_CXX_LANGUAGE_STANDARD = "gnu++0x";
				CLANG_CXX_LIBRARY = "libc++";
				CLANG_ENABLE_MODULES = YES;
				CLANG_ENABLE_OBJC_ARC = YES;
				CLANG_WARN_BOOL_CONVERSION = YES;
				CLANG_WARN_CONSTANT_CONVERSION = YES;
				CLANG_WARN_DIRECT_OBJC_ISA_USAGE = YES_ERROR;
				CLANG_WARN_EMPTY_BODY = YES;
				CLANG_WARN_ENUM_CONVERSION = YES;
				CLANG_WARN_INT_CONVERSION = YES;
				CLANG_WARN_OBJC_ROOT_CLASS = YES_ERROR;
				CLANG_WARN_UNREACHABLE_CODE = YES;
				CLANG_WARN__DUPLICATE_METHOD_MATCH = YES;
				"CODE_SIGN_IDENTITY[sdk=iphoneos*]" = "iPhone Developer";
				COPY_PHASE_STRIP = NO;
				ENABLE_STRICT_OBJC_MSGSEND = YES;
				GCC_C_LANGUAGE_STANDARD = gnu99;
				GCC_DYNAMIC_NO_PIC = NO;
				GCC_OPTIMIZATION_LEVEL = 0;
				GCC_PREPROCESSOR_DEFINITIONS = (
					"DEBUG=1",
					"$(inherited)",
				);
				GCC_SYMBOLS_PRIVATE_EXTERN = NO;
				GCC_WARN_64_TO_32_BIT_CONVERSION = YES;
				GCC_WARN_ABOUT_RETURN_TYPE = YES_ERROR;
				GCC_WARN_UNDECLARED_SELECTOR = YES;
				GCC_WARN_UNINITIALIZED_AUTOS = YES_AGGRESSIVE;
				GCC_WARN_UNUSED_FUNCTION = YES;
				GCC_WARN_UNUSED_VARIABLE = YES;
				IPHONEOS_DEPLOYMENT_TARGET = 8.2;
				MTL_ENABLE_DEBUG_INFO = YES;
				ONLY_ACTIVE_ARCH = YES;
				SDKROOT = iphoneos;
				SWIFT_OPTIMIZATION_LEVEL = "-Onone";
				TARGETED_DEVICE_FAMILY = "1,2";
			};
			name = Debug;
		};
		D6C43D771A6796E0004CFDD2 /* Release */ = {
			isa = XCBuildConfiguration;
			buildSettings = {
				ALWAYS_SEARCH_USER_PATHS = NO;
				CLANG_CXX_LANGUAGE_STANDARD = "gnu++0x";
				CLANG_CXX_LIBRARY = "libc++";
				CLANG_ENABLE_MODULES = YES;
				CLANG_ENABLE_OBJC_ARC = YES;
				CLANG_WARN_BOOL_CONVERSION = YES;
				CLANG_WARN_CONSTANT_CONVERSION = YES;
				CLANG_WARN_DIRECT_OBJC_ISA_USAGE = YES_ERROR;
				CLANG_WARN_EMPTY_BODY = YES;
				CLANG_WARN_ENUM_CONVERSION = YES;
				CLANG_WARN_INT_CONVERSION = YES;
				CLANG_WARN_OBJC_ROOT_CLASS = YES_ERROR;
				CLANG_WARN_UNREACHABLE_CODE = YES;
				CLANG_WARN__DUPLICATE_METHOD_MATCH = YES;
				"CODE_SIGN_IDENTITY[sdk=iphoneos*]" = "iPhone Developer";
				COPY_PHASE_STRIP = NO;
				ENABLE_NS_ASSERTIONS = NO;
				ENABLE_STRICT_OBJC_MSGSEND = YES;
				GCC_C_LANGUAGE_STANDARD = gnu99;
				GCC_WARN_64_TO_32_BIT_CONVERSION = YES;
				GCC_WARN_ABOUT_RETURN_TYPE = YES_ERROR;
				GCC_WARN_UNDECLARED_SELECTOR = YES;
				GCC_WARN_UNINITIALIZED_AUTOS = YES_AGGRESSIVE;
				GCC_WARN_UNUSED_FUNCTION = YES;
				GCC_WARN_UNUSED_VARIABLE = YES;
				IPHONEOS_DEPLOYMENT_TARGET = 8.2;
				MTL_ENABLE_DEBUG_INFO = NO;
				SDKROOT = iphoneos;
				TARGETED_DEVICE_FAMILY = "1,2";
				VALIDATE_PRODUCT = YES;
			};
			name = Release;
		};
		D6C43D791A6796E0004CFDD2 /* Debug */ = {
			isa = XCBuildConfiguration;
			buildSettings = {
				ASSETCATALOG_COMPILER_APPICON_NAME = AppIcon;
				EMBEDDED_CONTENT_CONTAINS_SWIFT = YES;
				INFOPLIST_FILE = Watch/Info.plist;
				LD_RUNPATH_SEARCH_PATHS = "$(inherited) @executable_path/Frameworks";
				PRODUCT_NAME = "$(TARGET_NAME)";
			};
			name = Debug;
		};
		D6C43D7A1A6796E0004CFDD2 /* Release */ = {
			isa = XCBuildConfiguration;
			buildSettings = {
				ASSETCATALOG_COMPILER_APPICON_NAME = AppIcon;
				EMBEDDED_CONTENT_CONTAINS_SWIFT = YES;
				INFOPLIST_FILE = Watch/Info.plist;
				LD_RUNPATH_SEARCH_PATHS = "$(inherited) @executable_path/Frameworks";
				PRODUCT_NAME = "$(TARGET_NAME)";
			};
			name = Release;
		};
		D6C43D7C1A6796E0004CFDD2 /* Debug */ = {
			isa = XCBuildConfiguration;
			buildSettings = {
				BUNDLE_LOADER = "$(TEST_HOST)";
				FRAMEWORK_SEARCH_PATHS = (
					"$(SDKROOT)/Developer/Library/Frameworks",
					"$(inherited)",
				);
				GCC_PREPROCESSOR_DEFINITIONS = (
					"DEBUG=1",
					"$(inherited)",
				);
				INFOPLIST_FILE = WatchTests/Info.plist;
				LD_RUNPATH_SEARCH_PATHS = "$(inherited) @executable_path/Frameworks @loader_path/Frameworks";
				PRODUCT_NAME = "$(TARGET_NAME)";
				TEST_HOST = "$(BUILT_PRODUCTS_DIR)/Watch.app/Watch";
			};
			name = Debug;
		};
		D6C43D7D1A6796E0004CFDD2 /* Release */ = {
			isa = XCBuildConfiguration;
			buildSettings = {
				BUNDLE_LOADER = "$(TEST_HOST)";
				FRAMEWORK_SEARCH_PATHS = (
					"$(SDKROOT)/Developer/Library/Frameworks",
					"$(inherited)",
				);
				INFOPLIST_FILE = WatchTests/Info.plist;
				LD_RUNPATH_SEARCH_PATHS = "$(inherited) @executable_path/Frameworks @loader_path/Frameworks";
				PRODUCT_NAME = "$(TARGET_NAME)";
				TEST_HOST = "$(BUILT_PRODUCTS_DIR)/Watch.app/Watch";
			};
			name = Release;
		};
		D6C43D9C1A679714004CFDD2 /* Debug */ = {
			isa = XCBuildConfiguration;
			buildSettings = {
				ASSETCATALOG_COMPILER_APPICON_NAME = AppIcon;
				ASSETCATALOG_COMPILER_LAUNCHIMAGE_NAME = LaunchImage;
				GCC_PREPROCESSOR_DEFINITIONS = (
					"DEBUG=1",
					"$(inherited)",
				);
				IBSC_MODULE = Watch_WatchKit_Extension;
				INFOPLIST_FILE = "Watch WatchKit App/Info.plist";
				PRODUCT_NAME = "$(TARGET_NAME)";
				SKIP_INSTALL = YES;
				TARGETED_DEVICE_FAMILY = 4;
				"TARGETED_DEVICE_FAMILY[sdk=iphonesimulator*]" = "1,4";
			};
			name = Debug;
		};
		D6C43D9D1A679714004CFDD2 /* Release */ = {
			isa = XCBuildConfiguration;
			buildSettings = {
				ASSETCATALOG_COMPILER_APPICON_NAME = AppIcon;
				ASSETCATALOG_COMPILER_LAUNCHIMAGE_NAME = LaunchImage;
				IBSC_MODULE = Watch_WatchKit_Extension;
				INFOPLIST_FILE = "Watch WatchKit App/Info.plist";
				PRODUCT_NAME = "$(TARGET_NAME)";
				SKIP_INSTALL = YES;
				TARGETED_DEVICE_FAMILY = 4;
				"TARGETED_DEVICE_FAMILY[sdk=iphonesimulator*]" = "1,4";
			};
			name = Release;
		};
		D6C43D9F1A679714004CFDD2 /* Debug */ = {
			isa = XCBuildConfiguration;
			buildSettings = {
				GCC_PREPROCESSOR_DEFINITIONS = (
					"DEBUG=1",
					"$(inherited)",
				);
				INFOPLIST_FILE = "Watch WatchKit Extension/Info.plist";
				LD_RUNPATH_SEARCH_PATHS = "$(inherited) @executable_path/Frameworks @executable_path/../../Frameworks";
				PRODUCT_NAME = "${TARGET_NAME}";
				SKIP_INSTALL = YES;
			};
			name = Debug;
		};
		D6C43DA01A679714004CFDD2 /* Release */ = {
			isa = XCBuildConfiguration;
			buildSettings = {
				INFOPLIST_FILE = "Watch WatchKit Extension/Info.plist";
				LD_RUNPATH_SEARCH_PATHS = "$(inherited) @executable_path/Frameworks @executable_path/../../Frameworks";
				PRODUCT_NAME = "${TARGET_NAME}";
				SKIP_INSTALL = YES;
			};
			name = Release;
		};
/* End XCBuildConfiguration section */

/* Begin XCConfigurationList section */
		D6C43D541A6796E0004CFDD2 /* Build configuration list for PBXProject "Watch" */ = {
			isa = XCConfigurationList;
			buildConfigurations = (
				D6C43D761A6796E0004CFDD2 /* Debug */,
				D6C43D771A6796E0004CFDD2 /* Release */,
			);
			defaultConfigurationIsVisible = 0;
			defaultConfigurationName = Release;
		};
		D6C43D781A6796E0004CFDD2 /* Build configuration list for PBXNativeTarget "Watch" */ = {
			isa = XCConfigurationList;
			buildConfigurations = (
				D6C43D791A6796E0004CFDD2 /* Debug */,
				D6C43D7A1A6796E0004CFDD2 /* Release */,
			);
			defaultConfigurationIsVisible = 0;
		};
		D6C43D7B1A6796E0004CFDD2 /* Build configuration list for PBXNativeTarget "WatchTests" */ = {
			isa = XCConfigurationList;
			buildConfigurations = (
				D6C43D7C1A6796E0004CFDD2 /* Debug */,
				D6C43D7D1A6796E0004CFDD2 /* Release */,
			);
			defaultConfigurationIsVisible = 0;
		};
		D6C43D9B1A679714004CFDD2 /* Build configuration list for PBXNativeTarget "Watch WatchKit App" */ = {
			isa = XCConfigurationList;
			buildConfigurations = (
				D6C43D9C1A679714004CFDD2 /* Debug */,
				D6C43D9D1A679714004CFDD2 /* Release */,
			);
			defaultConfigurationIsVisible = 0;
		};
		D6C43D9E1A679714004CFDD2 /* Build configuration list for PBXNativeTarget "Watch WatchKit Extension" */ = {
			isa = XCConfigurationList;
			buildConfigurations = (
				D6C43D9F1A679714004CFDD2 /* Debug */,
				D6C43DA01A679714004CFDD2 /* Release */,
			);
			defaultConfigurationIsVisible = 0;
		};
/* End XCConfigurationList section */
	};
	rootObject = D6C43D511A6796E0004CFDD2 /* Project object */;
}
